// !$*UTF8*$!
{
	archiveVersion = 1;
	classes = {
	};
	objectVersion = 46;
	objects = {

/* Begin PBXBuildFile section */
		608976371A67115A007DAB24 /* main.m in Sources */ = {isa = PBXBuildFile; fileRef = 608976361A67115A007DAB24 /* main.m */; };
		6089763A1A67115A007DAB24 /* AppDelegate.m in Sources */ = {isa = PBXBuildFile; fileRef = 608976391A67115A007DAB24 /* AppDelegate.m */; };
		6089763D1A67115A007DAB24 /* ViewController.m in Sources */ = {isa = PBXBuildFile; fileRef = 6089763C1A67115A007DAB24 /* ViewController.m */; };
		608976401A67115A007DAB24 /* Main.storyboard in Resources */ = {isa = PBXBuildFile; fileRef = 6089763E1A67115A007DAB24 /* Main.storyboard */; };
		608976421A67115A007DAB24 /* Images.xcassets in Resources */ = {isa = PBXBuildFile; fileRef = 608976411A67115A007DAB24 /* Images.xcassets */; };
		608976451A67115A007DAB24 /* LaunchScreen.xib in Resources */ = {isa = PBXBuildFile; fileRef = 608976431A67115A007DAB24 /* LaunchScreen.xib */; };
		608976511A67115B007DAB24 /* FarkleTests.m in Sources */ = {isa = PBXBuildFile; fileRef = 608976501A67115B007DAB24 /* FarkleTests.m */; };
/* End PBXBuildFile section */

/* Begin PBXContainerItemProxy section */
		6089764B1A67115B007DAB24 /* PBXContainerItemProxy */ = {
			isa = PBXContainerItemProxy;
			containerPortal = 608976291A671159007DAB24 /* Project object */;
			proxyType = 1;
			remoteGlobalIDString = 608976301A671159007DAB24;
			remoteInfo = Farkle;
		};
/* End PBXContainerItemProxy section */

/* Begin PBXFileReference section */
		608976311A67115A007DAB24 /* Farkle.app */ = {isa = PBXFileReference; explicitFileType = wrapper.application; includeInIndex = 0; path = Farkle.app; sourceTree = BUILT_PRODUCTS_DIR; };
		608976351A67115A007DAB24 /* Info.plist */ = {isa = PBXFileReference; lastKnownFileType = text.plist.xml; path = Info.plist; sourceTree = "<group>"; };
		608976361A67115A007DAB24 /* main.m */ = {isa = PBXFileReference; lastKnownFileType = sourcecode.c.objc; path = main.m; sourceTree = "<group>"; };
		608976381A67115A007DAB24 /* AppDelegate.h */ = {isa = PBXFileReference; lastKnownFileType = sourcecode.c.h; path = AppDelegate.h; sourceTree = "<group>"; };
		608976391A67115A007DAB24 /* AppDelegate.m */ = {isa = PBXFileReference; lastKnownFileType = sourcecode.c.objc; path = AppDelegate.m; sourceTree = "<group>"; };
		6089763B1A67115A007DAB24 /* ViewController.h */ = {isa = PBXFileReference; lastKnownFileType = sourcecode.c.h; path = ViewController.h; sourceTree = "<group>"; };
		6089763C1A67115A007DAB24 /* ViewController.m */ = {isa = PBXFileReference; lastKnownFileType = sourcecode.c.objc; path = ViewController.m; sourceTree = "<group>"; };
		6089763F1A67115A007DAB24 /* Base */ = {isa = PBXFileReference; lastKnownFileType = file.storyboard; name = Base; path = Base.lproj/Main.storyboard; sourceTree = "<group>"; };
		608976411A67115A007DAB24 /* Images.xcassets */ = {isa = PBXFileReference; lastKnownFileType = folder.assetcatalog; path = Images.xcassets; sourceTree = "<group>"; };
		608976441A67115A007DAB24 /* Base */ = {isa = PBXFileReference; lastKnownFileType = file.xib; name = Base; path = Base.lproj/LaunchScreen.xib; sourceTree = "<group>"; };
		6089764A1A67115B007DAB24 /* FarkleTests.xctest */ = {isa = PBXFileReference; explicitFileType = wrapper.cfbundle; includeInIndex = 0; path = FarkleTests.xctest; sourceTree = BUILT_PRODUCTS_DIR; };
		6089764F1A67115B007DAB24 /* Info.plist */ = {isa = PBXFileReference; lastKnownFileType = text.plist.xml; path = Info.plist; sourceTree = "<group>"; };
		608976501A67115B007DAB24 /* FarkleTests.m */ = {isa = PBXFileReference; lastKnownFileType = sourcecode.c.objc; path = FarkleTests.m; sourceTree = "<group>"; };
/* End PBXFileReference section */

/* Begin PBXFrameworksBuildPhase section */
		6089762E1A671159007DAB24 /* Frameworks */ = {
			isa = PBXFrameworksBuildPhase;
			buildActionMask = 2147483647;
			files = (
			);
			runOnlyForDeploymentPostprocessing = 0;
		};
		608976471A67115B007DAB24 /* Frameworks */ = {
			isa = PBXFrameworksBuildPhase;
			buildActionMask = 2147483647;
			files = (
			);
			runOnlyForDeploymentPostprocessing = 0;
		};
/* End PBXFrameworksBuildPhase section */

/* Begin PBXGroup section */
		608976281A671159007DAB24 = {
			isa = PBXGroup;
			children = (
				608976331A67115A007DAB24 /* Farkle */,
				6089764D1A67115B007DAB24 /* FarkleTests */,
				608976321A67115A007DAB24 /* Products */,
			);
			sourceTree = "<group>";
		};
		608976321A67115A007DAB24 /* Products */ = {
			isa = PBXGroup;
			children = (
				608976311A67115A007DAB24 /* Farkle.app */,
				6089764A1A67115B007DAB24 /* FarkleTests.xctest */,
			);
			name = Products;
			sourceTree = "<group>";
		};
		608976331A67115A007DAB24 /* Farkle */ = {
			isa = PBXGroup;
			children = (
				608976381A67115A007DAB24 /* AppDelegate.h */,
				608976391A67115A007DAB24 /* AppDelegate.m */,
				6089763B1A67115A007DAB24 /* ViewController.h */,
				6089763C1A67115A007DAB24 /* ViewController.m */,
				6089763E1A67115A007DAB24 /* Main.storyboard */,
				608976411A67115A007DAB24 /* Images.xcassets */,
				608976431A67115A007DAB24 /* LaunchScreen.xib */,
				608976341A67115A007DAB24 /* Supporting Files */,
			);
			path = Farkle;
			sourceTree = "<group>";
		};
		608976341A67115A007DAB24 /* Supporting Files */ = {
			isa = PBXGroup;
			children = (
				608976351A67115A007DAB24 /* Info.plist */,
				608976361A67115A007DAB24 /* main.m */,
			);
			name = "Supporting Files";
			sourceTree = "<group>";
		};
		6089764D1A67115B007DAB24 /* FarkleTests */ = {
			isa = PBXGroup;
			children = (
				608976501A67115B007DAB24 /* FarkleTests.m */,
				6089764E1A67115B007DAB24 /* Supporting Files */,
			);
			path = FarkleTests;
			sourceTree = "<group>";
		};
		6089764E1A67115B007DAB24 /* Supporting Files */ = {
			isa = PBXGroup;
			children = (
				6089764F1A67115B007DAB24 /* Info.plist */,
			);
			name = "Supporting Files";
			sourceTree = "<group>";
		};
/* End PBXGroup section */

/* Begin PBXNativeTarget section */
		608976301A671159007DAB24 /* Farkle */ = {
			isa = PBXNativeTarget;
			buildConfigurationList = 608976541A67115B007DAB24 /* Build configuration list for PBXNativeTarget "Farkle" */;
			buildPhases = (
				6089762D1A671159007DAB24 /* Sources */,
				6089762E1A671159007DAB24 /* Frameworks */,
				6089762F1A671159007DAB24 /* Resources */,
			);
			buildRules = (
			);
			dependencies = (
			);
			name = Farkle;
			productName = Farkle;
			productReference = 608976311A67115A007DAB24 /* Farkle.app */;
			productType = "com.apple.product-type.application";
		};
		608976491A67115B007DAB24 /* FarkleTests */ = {
			isa = PBXNativeTarget;
			buildConfigurationList = 608976571A67115B007DAB24 /* Build configuration list for PBXNativeTarget "FarkleTests" */;
			buildPhases = (
				608976461A67115B007DAB24 /* Sources */,
				608976471A67115B007DAB24 /* Frameworks */,
				608976481A67115B007DAB24 /* Resources */,
			);
			buildRules = (
			);
			dependencies = (
				6089764C1A67115B007DAB24 /* PBXTargetDependency */,
			);
			name = FarkleTests;
			productName = FarkleTests;
			productReference = 6089764A1A67115B007DAB24 /* FarkleTests.xctest */;
			productType = "com.apple.product-type.bundle.unit-test";
		};
/* End PBXNativeTarget section */

/* Begin PBXProject section */
		608976291A671159007DAB24 /* Project object */ = {
			isa = PBXProject;
			attributes = {
				LastUpgradeCheck = 0610;
				ORGANIZATIONNAME = "Yi-Chin Sun";
				TargetAttributes = {
					608976301A671159007DAB24 = {
						CreatedOnToolsVersion = 6.1.1;
					};
					608976491A67115B007DAB24 = {
						CreatedOnToolsVersion = 6.1.1;
						TestTargetID = 608976301A671159007DAB24;
					};
				};
			};
			buildConfigurationList = 6089762C1A671159007DAB24 /* Build configuration list for PBXProject "Farkle" */;
			compatibilityVersion = "Xcode 3.2";
			developmentRegion = English;
			hasScannedForEncodings = 0;
			knownRegions = (
				en,
				Base,
			);
			mainGroup = 608976281A671159007DAB24;
			productRefGroup = 608976321A67115A007DAB24 /* Products */;
			projectDirPath = "";
			projectRoot = "";
			targets = (
				608976301A671159007DAB24 /* Farkle */,
				608976491A67115B007DAB24 /* FarkleTests */,
			);
		};
/* End PBXProject section */

/* Begin PBXResourcesBuildPhase section */
		6089762F1A671159007DAB24 /* Resources */ = {
			isa = PBXResourcesBuildPhase;
			buildActionMask = 2147483647;
			files = (
				608976401A67115A007DAB24 /* Main.storyboard in Resources */,
				608976451A67115A007DAB24 /* LaunchScreen.xib in Resources */,
				608976421A67115A007DAB24 /* Images.xcassets in Resources */,
			);
			runOnlyForDeploymentPostprocessing = 0;
		};
		608976481A67115B007DAB24 /* Resources */ = {
			isa = PBXResourcesBuildPhase;
			buildActionMask = 2147483647;
			files = (
			);
			runOnlyForDeploymentPostprocessing = 0;
		};
/* End PBXResourcesBuildPhase section */

/* Begin PBXSourcesBuildPhase section */
		6089762D1A671159007DAB24 /* Sources */ = {
			isa = PBXSourcesBuildPhase;
			buildActionMask = 2147483647;
			files = (
				6089763D1A67115A007DAB24 /* ViewController.m in Sources */,
				6089763A1A67115A007DAB24 /* AppDelegate.m in Sources */,
				608976371A67115A007DAB24 /* main.m in Sources */,
			);
			runOnlyForDeploymentPostprocessing = 0;
		};
		608976461A67115B007DAB24 /* Sources */ = {
			isa = PBXSourcesBuildPhase;
			buildActionMask = 2147483647;
			files = (
				608976511A67115B007DAB24 /* FarkleTests.m in Sources */,
			);
			runOnlyForDeploymentPostprocessing = 0;
		};
/* End PBXSourcesBuildPhase section */

/* Begin PBXTargetDependency section */
		6089764C1A67115B007DAB24 /* PBXTargetDependency */ = {
			isa = PBXTargetDependency;
			target = 608976301A671159007DAB24 /* Farkle */;
			targetProxy = 6089764B1A67115B007DAB24 /* PBXContainerItemProxy */;
		};
/* End PBXTargetDependency section */

/* Begin PBXVariantGroup section */
		6089763E1A67115A007DAB24 /* Main.storyboard */ = {
			isa = PBXVariantGroup;
			children = (
				6089763F1A67115A007DAB24 /* Base */,
			);
			name = Main.storyboard;
			sourceTree = "<group>";
		};
		608976431A67115A007DAB24 /* LaunchScreen.xib */ = {
			isa = PBXVariantGroup;
			children = (
				608976441A67115A007DAB24 /* Base */,
			);
			name = LaunchScreen.xib;
			sourceTree = "<group>";
		};
/* End PBXVariantGroup section */

/* Begin XCBuildConfiguration section */
		608976521A67115B007DAB24 /* Debug */ = {
			isa = XCBuildConfiguration;
			buildSettings = {
				ALWAYS_SEARCH_USER_PATHS = NO;
				CLANG_CXX_LANGUAGE_STANDARD = "gnu++0x";
				CLANG_CXX_LIBRARY = "libc++";
				CLANG_ENABLE_MODULES = YES;
				CLANG_ENABLE_OBJC_ARC = YES;
				CLANG_WARN_BOOL_CONVERSION = YES;
				CLANG_WARN_CONSTANT_CONVERSION = YES;
				CLANG_WARN_DIRECT_OBJC_ISA_USAGE = YES_ERROR;
				CLANG_WARN_EMPTY_BODY = YES;
				CLANG_WARN_ENUM_CONVERSION = YES;
				CLANG_WARN_INT_CONVERSION = YES;
				CLANG_WARN_OBJC_ROOT_CLASS = YES_ERROR;
				CLANG_WARN_UNREACHABLE_CODE = YES;
				CLANG_WARN__DUPLICATE_METHOD_MATCH = YES;
				"CODE_SIGN_IDENTITY[sdk=iphoneos*]" = "iPhone Developer";
				COPY_PHASE_STRIP = NO;
				ENABLE_STRICT_OBJC_MSGSEND = YES;
				GCC_C_LANGUAGE_STANDARD = gnu99;
				GCC_DYNAMIC_NO_PIC = NO;
				GCC_OPTIMIZATION_LEVEL = 0;
				GCC_PREPROCESSOR_DEFINITIONS = (
					"DEBUG=1",
					"$(inherited)",
				);
				GCC_SYMBOLS_PRIVATE_EXTERN = NO;
				GCC_WARN_64_TO_32_BIT_CONVERSION = YES;
				GCC_WARN_ABOUT_RETURN_TYPE = YES_ERROR;
				GCC_WARN_UNDECLARED_SELECTOR = YES;
				GCC_WARN_UNINITIALIZED_AUTOS = YES_AGGRESSIVE;
				GCC_WARN_UNUSED_FUNCTION = YES;
				GCC_WARN_UNUSED_VARIABLE = YES;
				IPHONEOS_DEPLOYMENT_TARGET = 8.1;
				MTL_ENABLE_DEBUG_INFO = YES;
				ONLY_ACTIVE_ARCH = YES;
				SDKROOT = iphoneos;
			};
			name = Debug;
		};
		608976531A67115B007DAB24 /* Release */ = {
			isa = XCBuildConfiguration;
			buildSettings = {
				ALWAYS_SEARCH_USER_PATHS = NO;
				CLANG_CXX_LANGUAGE_STANDARD = "gnu++0x";
				CLANG_CXX_LIBRARY = "libc++";
				CLANG_ENABLE_MODULES = YES;
				CLANG_ENABLE_OBJC_ARC = YES;
				CLANG_WARN_BOOL_CONVERSION = YES;
				CLANG_WARN_CONSTANT_CONVERSION = YES;
				CLANG_WARN_DIRECT_OBJC_ISA_USAGE = YES_ERROR;
				CLANG_WARN_EMPTY_BODY = YES;
				CLANG_WARN_ENUM_CONVERSION = YES;
				CLANG_WARN_INT_CONVERSION = YES;
				CLANG_WARN_OBJC_ROOT_CLASS = YES_ERROR;
				CLANG_WARN_UNREACHABLE_CODE = YES;
				CLANG_WARN__DUPLICATE_METHOD_MATCH = YES;
				"CODE_SIGN_IDENTITY[sdk=iphoneos*]" = "iPhone Developer";
				COPY_PHASE_STRIP = YES;
				ENABLE_NS_ASSERTIONS = NO;
				ENABLE_STRICT_OBJC_MSGSEND = YES;
				GCC_C_LANGUAGE_STANDARD = gnu99;
				GCC_WARN_64_TO_32_BIT_CONVERSION = YES;
				GCC_WARN_ABOUT_RETURN_TYPE = YES_ERROR;
				GCC_WARN_UNDECLARED_SELECTOR = YES;
				GCC_WARN_UNINITIALIZED_AUTOS = YES_AGGRESSIVE;
				GCC_WARN_UNUSED_FUNCTION = YES;
				GCC_WARN_UNUSED_VARIABLE = YES;
				IPHONEOS_DEPLOYMENT_TARGET = 8.1;
				MTL_ENABLE_DEBUG_INFO = NO;
				SDKROOT = iphoneos;
				VALIDATE_PRODUCT = YES;
			};
			name = Release;
		};
		608976551A67115B007DAB24 /* Debug */ = {
			isa = XCBuildConfiguration;
			buildSettings = {
				ASSETCATALOG_COMPILER_APPICON_NAME = AppIcon;
				INFOPLIST_FILE = Farkle/Info.plist;
				LD_RUNPATH_SEARCH_PATHS = "$(inherited) @executable_path/Frameworks";
				PRODUCT_NAME = "$(TARGET_NAME)";
			};
			name = Debug;
		};
		608976561A67115B007DAB24 /* Release */ = {
			isa = XCBuildConfiguration;
			buildSettings = {
				ASSETCATALOG_COMPILER_APPICON_NAME = AppIcon;
				INFOPLIST_FILE = Farkle/Info.plist;
				LD_RUNPATH_SEARCH_PATHS = "$(inherited) @executable_path/Frameworks";
				PRODUCT_NAME = "$(TARGET_NAME)";
			};
			name = Release;
		};
		608976581A67115B007DAB24 /* Debug */ = {
			isa = XCBuildConfiguration;
			buildSettings = {
				BUNDLE_LOADER = "$(TEST_HOST)";
				FRAMEWORK_SEARCH_PATHS = (
					"$(SDKROOT)/Developer/Library/Frameworks",
					"$(inherited)",
				);
				GCC_PREPROCESSOR_DEFINITIONS = (
					"DEBUG=1",
					"$(inherited)",
				);
				INFOPLIST_FILE = FarkleTests/Info.plist;
				LD_RUNPATH_SEARCH_PATHS = "$(inherited) @executable_path/Frameworks @loader_path/Frameworks";
				PRODUCT_NAME = "$(TARGET_NAME)";
				TEST_HOST = "$(BUILT_PRODUCTS_DIR)/Farkle.app/Farkle";
			};
			name = Debug;
		};
		608976591A67115B007DAB24 /* Release */ = {
			isa = XCBuildConfiguration;
			buildSettings = {
				BUNDLE_LOADER = "$(TEST_HOST)";
				FRAMEWORK_SEARCH_PATHS = (
					"$(SDKROOT)/Developer/Library/Frameworks",
					"$(inherited)",
				);
				INFOPLIST_FILE = FarkleTests/Info.plist;
				LD_RUNPATH_SEARCH_PATHS = "$(inherited) @executable_path/Frameworks @loader_path/Frameworks";
				PRODUCT_NAME = "$(TARGET_NAME)";
				TEST_HOST = "$(BUILT_PRODUCTS_DIR)/Farkle.app/Farkle";
			};
			name = Release;
		};
/* End XCBuildConfiguration section */

/* Begin XCConfigurationList section */
		6089762C1A671159007DAB24 /* Build configuration list for PBXProject "Farkle" */ = {
			isa = XCConfigurationList;
			buildConfigurations = (
				608976521A67115B007DAB24 /* Debug */,
				608976531A67115B007DAB24 /* Release */,
			);
			defaultConfigurationIsVisible = 0;
			defaultConfigurationName = Release;
		};
		608976541A67115B007DAB24 /* Build configuration list for PBXNativeTarget "Farkle" */ = {
			isa = XCConfigurationList;
			buildConfigurations = (
				608976551A67115B007DAB24 /* Debug */,
				608976561A67115B007DAB24 /* Release */,
			);
			defaultConfigurationIsVisible = 0;
		};
		608976571A67115B007DAB24 /* Build configuration list for PBXNativeTarget "FarkleTests" */ = {
			isa = XCConfigurationList;
			buildConfigurations = (
				608976581A67115B007DAB24 /* Debug */,
				608976591A67115B007DAB24 /* Release */,
			);
			defaultConfigurationIsVisible = 0;
		};
/* End XCConfigurationList section */
	};
	rootObject = 608976291A671159007DAB24 /* Project object */;
}
